{"format_version":"1.2","terraform_version":"1.5.2","variables":{"AWS_REGION":{"value":"us-west-2"},"cidr_blocks":{"value":"0.0.0.0/0"},"private_cidr":{"value":"10.0.1.16/28"}},"planned_values":{"root_module":{"resources":[{"address":"aws_internet_gateway.devVPC_IGW","mode":"managed","type":"aws_internet_gateway","name":"devVPC_IGW","provider_name":"registry.terraform.io/hashicorp/aws","schema_version":0,"values":{"tags":{"Name":"dev_terraform_vpc_igw"},"tags_all":{"Name":"dev_terraform_vpc_igw"},"timeouts":null},"sensitive_values":{"tags":{},"tags_all":{}}},{"address":"aws_route_table.devVPC_public_route","mode":"managed","type":"aws_route_table","name":"devVPC_public_route","provider_name":"registry.terraform.io/hashicorp/aws","schema_version":0,"values":{"route":[{"carrier_gateway_id":"","cidr_block":"0.0.0.0/0","core_network_arn":"","destination_prefix_list_id":"","egress_only_gateway_id":"","ipv6_cidr_block":"","local_gateway_id":"","nat_gateway_id":"","network_interface_id":"","transit_gateway_id":"","vpc_endpoint_id":"","vpc_peering_connection_id":""}],"tags":{"Name":"dev_terraform_vpc_public_route"},"tags_all":{"Name":"dev_terraform_vpc_public_route"},"timeouts":null},"sensitive_values":{"propagating_vgws":[],"route":[{}],"tags":{},"tags_all":{}}},{"address":"aws_route_table_association.public_subnet_association","mode":"managed","type":"aws_route_table_association","name":"public_subnet_association","provider_name":"registry.terraform.io/hashicorp/aws","schema_version":0,"values":{"gateway_id":null,"timeouts":null},"sensitive_values":{}},{"address":"aws_subnet.devVPC_public_subnet","mode":"managed","type":"aws_subnet","name":"devVPC_public_subnet","provider_name":"registry.terraform.io/hashicorp/aws","schema_version":1,"values":{"assign_ipv6_address_on_creation":false,"availability_zone":"us-west-2b","cidr_block":"10.0.1.0/28","customer_owned_ipv4_pool":null,"enable_dns64":false,"enable_lni_at_device_index":null,"enable_resource_name_dns_a_record_on_launch":false,"enable_resource_name_dns_aaaa_record_on_launch":false,"ipv6_cidr_block":null,"ipv6_native":false,"map_customer_owned_ip_on_launch":null,"map_public_ip_on_launch":true,"outpost_arn":null,"tags":{"Name":"dev_terraform_vpc_public_subnet"},"tags_all":{"Name":"dev_terraform_vpc_public_subnet"},"timeouts":null},"sensitive_values":{"tags":{},"tags_all":{}}},{"address":"aws_subnet.private_subnet","mode":"managed","type":"aws_subnet","name":"private_subnet","provider_name":"registry.terraform.io/hashicorp/aws","schema_version":1,"values":{"assign_ipv6_address_on_creation":false,"availability_zone":"us-west-2b","cidr_block":"10.0.2.0/28","customer_owned_ipv4_pool":null,"enable_dns64":false,"enable_lni_at_device_index":null,"enable_resource_name_dns_a_record_on_launch":false,"enable_resource_name_dns_aaaa_record_on_launch":false,"ipv6_cidr_block":null,"ipv6_native":false,"map_customer_owned_ip_on_launch":null,"map_public_ip_on_launch":false,"outpost_arn":null,"tags":{"Name":"dev_terraform_vpc_private_subnet"},"tags_all":{"Name":"dev_terraform_vpc_private_subnet"},"timeouts":null},"sensitive_values":{"tags":{},"tags_all":{}}},{"address":"aws_vpc.devVPC","mode":"managed","type":"aws_vpc","name":"devVPC","provider_name":"registry.terraform.io/hashicorp/aws","schema_version":1,"values":{"assign_generated_ipv6_cidr_block":null,"cidr_block":"10.0.0.0/16","enable_dns_hostnames":true,"enable_dns_support":true,"instance_tenancy":"default","ipv4_ipam_pool_id":null,"ipv4_netmask_length":null,"ipv6_ipam_pool_id":null,"ipv6_netmask_length":null,"tags":{"Name":"dev_terraform_vpc"},"tags_all":{"Name":"dev_terraform_vpc"}},"sensitive_values":{"tags":{},"tags_all":{}}}]}},"resource_changes":[{"address":"aws_internet_gateway.devVPC_IGW","mode":"managed","type":"aws_internet_gateway","name":"devVPC_IGW","provider_name":"registry.terraform.io/hashicorp/aws","change":{"actions":["create"],"before":null,"after":{"tags":{"Name":"dev_terraform_vpc_igw"},"tags_all":{"Name":"dev_terraform_vpc_igw"},"timeouts":null},"after_unknown":{"arn":true,"id":true,"owner_id":true,"tags":{},"tags_all":{},"vpc_id":true},"before_sensitive":false,"after_sensitive":{"tags":{},"tags_all":{}}}},{"address":"aws_route_table.devVPC_public_route","mode":"managed","type":"aws_route_table","name":"devVPC_public_route","provider_name":"registry.terraform.io/hashicorp/aws","change":{"actions":["create"],"before":null,"after":{"route":[{"carrier_gateway_id":"","cidr_block":"0.0.0.0/0","core_network_arn":"","destination_prefix_list_id":"","egress_only_gateway_id":"","ipv6_cidr_block":"","local_gateway_id":"","nat_gateway_id":"","network_interface_id":"","transit_gateway_id":"","vpc_endpoint_id":"","vpc_peering_connection_id":""}],"tags":{"Name":"dev_terraform_vpc_public_route"},"tags_all":{"Name":"dev_terraform_vpc_public_route"},"timeouts":null},"after_unknown":{"arn":true,"id":true,"owner_id":true,"propagating_vgws":true,"route":[{"gateway_id":true}],"tags":{},"tags_all":{},"vpc_id":true},"before_sensitive":false,"after_sensitive":{"propagating_vgws":[],"route":[{}],"tags":{},"tags_all":{}}}},{"address":"aws_route_table_association.public_subnet_association","mode":"managed","type":"aws_route_table_association","name":"public_subnet_association","provider_name":"registry.terraform.io/hashicorp/aws","change":{"actions":["create"],"before":null,"after":{"gateway_id":null,"timeouts":null},"after_unknown":{"id":true,"route_table_id":true,"subnet_id":true},"before_sensitive":false,"after_sensitive":{}}},{"address":"aws_subnet.devVPC_public_subnet","mode":"managed","type":"aws_subnet","name":"devVPC_public_subnet","provider_name":"registry.terraform.io/hashicorp/aws","change":{"actions":["create"],"before":null,"after":{"assign_ipv6_address_on_creation":false,"availability_zone":"us-west-2b","cidr_block":"10.0.1.0/28","customer_owned_ipv4_pool":null,"enable_dns64":false,"enable_lni_at_device_index":null,"enable_resource_name_dns_a_record_on_launch":false,"enable_resource_name_dns_aaaa_record_on_launch":false,"ipv6_cidr_block":null,"ipv6_native":false,"map_customer_owned_ip_on_launch":null,"map_public_ip_on_launch":true,"outpost_arn":null,"tags":{"Name":"dev_terraform_vpc_public_subnet"},"tags_all":{"Name":"dev_terraform_vpc_public_subnet"},"timeouts":null},"after_unknown":{"arn":true,"availability_zone_id":true,"id":true,"ipv6_cidr_block_association_id":true,"owner_id":true,"private_dns_hostname_type_on_launch":true,"tags":{},"tags_all":{},"vpc_id":true},"before_sensitive":false,"after_sensitive":{"tags":{},"tags_all":{}}}},{"address":"aws_subnet.private_subnet","mode":"managed","type":"aws_subnet","name":"private_subnet","provider_name":"registry.terraform.io/hashicorp/aws","change":{"actions":["create"],"before":null,"after":{"assign_ipv6_address_on_creation":false,"availability_zone":"us-west-2b","cidr_block":"10.0.2.0/28","customer_owned_ipv4_pool":null,"enable_dns64":false,"enable_lni_at_device_index":null,"enable_resource_name_dns_a_record_on_launch":false,"enable_resource_name_dns_aaaa_record_on_launch":false,"ipv6_cidr_block":null,"ipv6_native":false,"map_customer_owned_ip_on_launch":null,"map_public_ip_on_launch":false,"outpost_arn":null,"tags":{"Name":"dev_terraform_vpc_private_subnet"},"tags_all":{"Name":"dev_terraform_vpc_private_subnet"},"timeouts":null},"after_unknown":{"arn":true,"availability_zone_id":true,"id":true,"ipv6_cidr_block_association_id":true,"owner_id":true,"private_dns_hostname_type_on_launch":true,"tags":{},"tags_all":{},"vpc_id":true},"before_sensitive":false,"after_sensitive":{"tags":{},"tags_all":{}}}},{"address":"aws_vpc.devVPC","mode":"managed","type":"aws_vpc","name":"devVPC","provider_name":"registry.terraform.io/hashicorp/aws","change":{"actions":["create"],"before":null,"after":{"assign_generated_ipv6_cidr_block":null,"cidr_block":"10.0.0.0/16","enable_dns_hostnames":true,"enable_dns_support":true,"instance_tenancy":"default","ipv4_ipam_pool_id":null,"ipv4_netmask_length":null,"ipv6_ipam_pool_id":null,"ipv6_netmask_length":null,"tags":{"Name":"dev_terraform_vpc"},"tags_all":{"Name":"dev_terraform_vpc"}},"after_unknown":{"arn":true,"default_network_acl_id":true,"default_route_table_id":true,"default_security_group_id":true,"dhcp_options_id":true,"enable_network_address_usage_metrics":true,"id":true,"ipv6_association_id":true,"ipv6_cidr_block":true,"ipv6_cidr_block_network_border_group":true,"main_route_table_id":true,"owner_id":true,"tags":{},"tags_all":{}},"before_sensitive":false,"after_sensitive":{"tags":{},"tags_all":{}}}}],"prior_state":{"format_version":"1.0","terraform_version":"1.5.2","values":{"root_module":{"resources":[{"address":"data.aws_availability_zones.devVPC_available","mode":"data","type":"aws_availability_zones","name":"devVPC_available","provider_name":"registry.terraform.io/hashicorp/aws","schema_version":0,"values":{"all_availability_zones":null,"exclude_names":null,"exclude_zone_ids":null,"filter":null,"group_names":["us-west-2"],"id":"us-west-2","names":["us-west-2a","us-west-2b","us-west-2c","us-west-2d"],"state":null,"timeouts":null,"zone_ids":["usw2-az2","usw2-az1","usw2-az3","usw2-az4"]},"sensitive_values":{"group_names":[false],"names":[false,false,false,false],"zone_ids":[false,false,false,false]}}]}}},"configuration":{"provider_config":{"aws":{"name":"aws","full_name":"registry.terraform.io/hashicorp/aws","expressions":{"region":{"references":["var.AWS_REGION"]}}}},"root_module":{"resources":[{"address":"aws_internet_gateway.devVPC_IGW","mode":"managed","type":"aws_internet_gateway","name":"devVPC_IGW","provider_config_key":"aws","expressions":{"tags":{"constant_value":{"Name":"dev_terraform_vpc_igw"}},"vpc_id":{"references":["aws_vpc.devVPC.id","aws_vpc.devVPC"]}},"schema_version":0},{"address":"aws_route_table.devVPC_public_route","mode":"managed","type":"aws_route_table","name":"devVPC_public_route","provider_config_key":"aws","expressions":{"route":{"references":["aws_internet_gateway.devVPC_IGW.id","aws_internet_gateway.devVPC_IGW","var.cidr_blocks"]},"tags":{"constant_value":{"Name":"dev_terraform_vpc_public_route"}},"vpc_id":{"references":["aws_vpc.devVPC.id","aws_vpc.devVPC"]}},"schema_version":0},{"address":"aws_route_table_association.public_subnet_association","mode":"managed","type":"aws_route_table_association","name":"public_subnet_association","provider_config_key":"aws","expressions":{"route_table_id":{"references":["aws_route_table.devVPC_public_route.id","aws_route_table.devVPC_public_route"]},"subnet_id":{"references":["aws_subnet.devVPC_public_subnet.id","aws_subnet.devVPC_public_subnet"]}},"schema_version":0,"depends_on":["aws_route_table.devVPC_public_route","aws_subnet.devVPC_public_subnet"]},{"address":"aws_subnet.devVPC_public_subnet","mode":"managed","type":"aws_subnet","name":"devVPC_public_subnet","provider_config_key":"aws","expressions":{"availability_zone":{"references":["data.aws_availability_zones.devVPC_available.names[1]","data.aws_availability_zones.devVPC_available.names","data.aws_availability_zones.devVPC_available"]},"cidr_block":{"constant_value":"10.0.1.0/28"},"map_public_ip_on_launch":{"constant_value":true},"tags":{"constant_value":{"Name":"dev_terraform_vpc_public_subnet"}},"vpc_id":{"references":["aws_vpc.devVPC.id","aws_vpc.devVPC"]}},"schema_version":1},{"address":"aws_subnet.private_subnet","mode":"managed","type":"aws_subnet","name":"private_subnet","provider_config_key":"aws","expressions":{"availability_zone":{"references":["data.aws_availability_zones.devVPC_available.names[1]","data.aws_availability_zones.devVPC_available.names","data.aws_availability_zones.devVPC_available"]},"cidr_block":{"constant_value":"10.0.2.0/28"},"map_public_ip_on_launch":{"constant_value":false},"tags":{"constant_value":{"Name":"dev_terraform_vpc_private_subnet"}},"vpc_id":{"references":["aws_vpc.devVPC.id","aws_vpc.devVPC"]}},"schema_version":1},{"address":"aws_vpc.devVPC","mode":"managed","type":"aws_vpc","name":"devVPC","provider_config_key":"aws","expressions":{"cidr_block":{"constant_value":"10.0.0.0/16"},"enable_dns_hostnames":{"constant_value":true},"enable_dns_support":{"constant_value":true},"tags":{"constant_value":{"Name":"dev_terraform_vpc"}}},"schema_version":1},{"address":"data.aws_availability_zones.devVPC_available","mode":"data","type":"aws_availability_zones","name":"devVPC_available","provider_config_key":"aws","schema_version":0}],"variables":{"AWS_REGION":{"default":"us-west-2","description":"AWS Region"},"cidr_blocks":{"default":"0.0.0.0/0"},"private_cidr":{"default":"10.0.1.16/28"}}}},"relevant_attributes":[{"resource":"aws_route_table.devVPC_public_route","attribute":["id"]},{"resource":"aws_subnet.devVPC_public_subnet","attribute":["id"]},{"resource":"aws_vpc.devVPC","attribute":["id"]},{"resource":"aws_internet_gateway.devVPC_IGW","attribute":["id"]},{"resource":"data.aws_availability_zones.devVPC_available","attribute":["names",1]}],"timestamp":"2023-07-13T09:26:25Z"}
